[{<<"eleveldb">>,
  {git,"https://github.com/basho/eleveldb.git",
       {ref,"edfd3924abbb2c5780d2c4641dcc0592a221ac43"}},
  1},
 {<<"leo_backend_db">>,
  {git,"https://github.com/leo-project/leo_backend_db.git",
       {ref,"8ab7cd8e90f6f3bc7f33046486e3658fbaf116a1"}},
  0},
 {<<"leo_commons">>,
  {git,"https://github.com/leo-project/leo_commons.git",
       {ref,"14e747221e774332c555531ed0a4d5f499919236"}},
  1},
 {<<"meck">>,
  {git,"https://github.com/eproxus/meck.git",
       {ref,"5aaa24886db404f995c9a91b421367f6bfe6e566"}},
  1},
 {<<"proper">>,
  {git,"https://github.com/proper-testing/proper.git",
       {ref,"5640d0715d4b346676267504d8e84398e2a29f75"}},
  1}].
